
Microsoft Visual Studio Solution File, Format Version 12.00
# Visual Studio Version 16
VisualStudioVersion = 16.0.31829.152
MinimumVisualStudioVersion = 10.0.40219.1
Project("{FAE04EC0-301F-11D3-BF4B-00C04F79EFBC}") = "Lab11", "Lab11\Lab11.csproj", "{826354F5-7F17-4F22-A30C-DB1F91C3B19C}"
EndProject
Global
	GlobalSection(SolutionConfigurationPlatforms) = preSolution
		Debug|Any CPU = Debug|Any CPU
		Release|Any CPU = Release|Any CPU
	EndGlobalSection
	GlobalSection(ProjectConfigurationPlatforms) = postSolution
		{826354F5-7F17-4F22-A30C-DB1F91C3B19C}.Debug|Any CPU.ActiveCfg = Debug|Any CPU
		{826354F5-7F17-4F22-A30C-DB1F91C3B19C}.Debug|Any CPU.Build.0 = Debug|Any CPU
		{826354F5-7F17-4F22-A30C-DB1F91C3B19C}.Release|Any CPU.ActiveCfg = Release|Any CPU
		{826354F5-7F17-4F22-A30C-DB1F91C3B19C}.Release|Any CPU.Build.0 = Release|Any CPU
	EndGlobalSection
	GlobalSection(SolutionProperties) = preSolution
		HideSolutionNode = FALSE
	EndGlobalSection
	GlobalSection(ExtensibilityGlobals) = postSolution
		SolutionGuid = {06CF2E56-1C68-4A4A-BE3F-60012C18AEB1}
	EndGlobalSection
EndGlobal
